
Microsoft Visual Studio Solution File, Format Version 12.00
# Visual Studio 15
VisualStudioVersion = 15.0.27130.2024
MinimumVisualStudioVersion = 10.0.40219.1
Project("{FAE04EC0-301F-11D3-BF4B-00C04F79EFBC}") = "Accord_RSTP", "Accord_RSTP\Accord_RSTP.csproj", "{193A8994-B74C-4528-B9BC-C692FC655D38}"
EndProject
Global
	GlobalSection(SolutionConfigurationPlatforms) = preSolution
		Debug|Any CPU = Debug|Any CPU
		Release|Any CPU = Release|Any CPU
	EndGlobalSection
	GlobalSection(ProjectConfigurationPlatforms) = postSolution
		{193A8994-B74C-4528-B9BC-C692FC655D38}.Debug|Any CPU.ActiveCfg = Debug|Any CPU
		{193A8994-B74C-4528-B9BC-C692FC655D38}.Debug|Any CPU.Build.0 = Debug|Any CPU
		{193A8994-B74C-4528-B9BC-C692FC655D38}.Release|Any CPU.ActiveCfg = Release|Any CPU
		{193A8994-B74C-4528-B9BC-C692FC655D38}.Release|Any CPU.Build.0 = Release|Any CPU
	EndGlobalSection
	GlobalSection(SolutionProperties) = preSolution
		HideSolutionNode = FALSE
	EndGlobalSection
	GlobalSection(ExtensibilityGlobals) = postSolution
		SolutionGuid = {89A192C4-308C-41D1-AF95-888842926BD4}
	EndGlobalSection
EndGlobal
